
Microsoft Visual Studio Solution File, Format Version 12.00
# Visual Studio Version 17
VisualStudioVersion = 17.0.31903.59
MinimumVisualStudioVersion = 10.0.40219.1
Project("{FAE04EC0-301F-11D3-BF4B-00C04F79EFBC}") = "VamTouch.App", "VamTouch.App\VamTouch.App.csproj", "{3786E9A0-618E-4159-BD45-ADE366D1F470}"
EndProject
Project("{FAE04EC0-301F-11D3-BF4B-00C04F79EFBC}") = "VamTouch.Core", "VamTouch.Core\VamTouch.Core.csproj", "{8F1142ED-84FC-472D-95A3-33605FC211A2}"
EndProject
Project("{FAE04EC0-301F-11D3-BF4B-00C04F79EFBC}") = "VamTouch.Tests", "VamTouch.Tests\VamTouch.Tests.csproj", "{275598F3-E480-4A9E-A791-291C2B05631D}"
EndProject
Global
	GlobalSection(SolutionConfigurationPlatforms) = preSolution
		Debug|Any CPU = Debug|Any CPU
		Debug|x64 = Debug|x64
		Debug|x86 = Debug|x86
		Release|Any CPU = Release|Any CPU
		Release|x64 = Release|x64
		Release|x86 = Release|x86
	EndGlobalSection
	GlobalSection(ProjectConfigurationPlatforms) = postSolution
		{3786E9A0-618E-4159-BD45-ADE366D1F470}.Debug|Any CPU.ActiveCfg = Debug|Any CPU
		{3786E9A0-618E-4159-BD45-ADE366D1F470}.Debug|Any CPU.Build.0 = Debug|Any CPU
		{3786E9A0-618E-4159-BD45-ADE366D1F470}.Debug|x64.ActiveCfg = Debug|Any CPU
		{3786E9A0-618E-4159-BD45-ADE366D1F470}.Debug|x64.Build.0 = Debug|Any CPU
		{3786E9A0-618E-4159-BD45-ADE366D1F470}.Debug|x86.ActiveCfg = Debug|Any CPU
		{3786E9A0-618E-4159-BD45-ADE366D1F470}.Debug|x86.Build.0 = Debug|Any CPU
		{3786E9A0-618E-4159-BD45-ADE366D1F470}.Release|Any CPU.ActiveCfg = Release|Any CPU
		{3786E9A0-618E-4159-BD45-ADE366D1F470}.Release|Any CPU.Build.0 = Release|Any CPU
		{3786E9A0-618E-4159-BD45-ADE366D1F470}.Release|x64.ActiveCfg = Release|Any CPU
		{3786E9A0-618E-4159-BD45-ADE366D1F470}.Release|x64.Build.0 = Release|Any CPU
		{3786E9A0-618E-4159-BD45-ADE366D1F470}.Release|x86.ActiveCfg = Release|Any CPU
		{3786E9A0-618E-4159-BD45-ADE366D1F470}.Release|x86.Build.0 = Release|Any CPU
		{8F1142ED-84FC-472D-95A3-33605FC211A2}.Debug|Any CPU.ActiveCfg = Debug|Any CPU
		{8F1142ED-84FC-472D-95A3-33605FC211A2}.Debug|Any CPU.Build.0 = Debug|Any CPU
		{8F1142ED-84FC-472D-95A3-33605FC211A2}.Debug|x64.ActiveCfg = Debug|Any CPU
		{8F1142ED-84FC-472D-95A3-33605FC211A2}.Debug|x64.Build.0 = Debug|Any CPU
		{8F1142ED-84FC-472D-95A3-33605FC211A2}.Debug|x86.ActiveCfg = Debug|Any CPU
		{8F1142ED-84FC-472D-95A3-33605FC211A2}.Debug|x86.Build.0 = Debug|Any CPU
		{8F1142ED-84FC-472D-95A3-33605FC211A2}.Release|Any CPU.ActiveCfg = Release|Any CPU
		{8F1142ED-84FC-472D-95A3-33605FC211A2}.Release|Any CPU.Build.0 = Release|Any CPU
		{8F1142ED-84FC-472D-95A3-33605FC211A2}.Release|x64.ActiveCfg = Release|Any CPU
		{8F1142ED-84FC-472D-95A3-33605FC211A2}.Release|x64.Build.0 = Release|Any CPU
		{8F1142ED-84FC-472D-95A3-33605FC211A2}.Release|x86.ActiveCfg = Release|Any CPU
		{8F1142ED-84FC-472D-95A3-33605FC211A2}.Release|x86.Build.0 = Release|Any CPU
		{275598F3-E480-4A9E-A791-291C2B05631D}.Debug|Any CPU.ActiveCfg = Debug|Any CPU
		{275598F3-E480-4A9E-A791-291C2B05631D}.Debug|Any CPU.Build.0 = Debug|Any CPU
		{275598F3-E480-4A9E-A791-291C2B05631D}.Debug|x64.ActiveCfg = Debug|Any CPU
		{275598F3-E480-4A9E-A791-291C2B05631D}.Debug|x64.Build.0 = Debug|Any CPU
		{275598F3-E480-4A9E-A791-291C2B05631D}.Debug|x86.ActiveCfg = Debug|Any CPU
		{275598F3-E480-4A9E-A791-291C2B05631D}.Debug|x86.Build.0 = Debug|Any CPU
		{275598F3-E480-4A9E-A791-291C2B05631D}.Release|Any CPU.ActiveCfg = Release|Any CPU
		{275598F3-E480-4A9E-A791-291C2B05631D}.Release|Any CPU.Build.0 = Release|Any CPU
		{275598F3-E480-4A9E-A791-291C2B05631D}.Release|x64.ActiveCfg = Release|Any CPU
		{275598F3-E480-4A9E-A791-291C2B05631D}.Release|x64.Build.0 = Release|Any CPU
		{275598F3-E480-4A9E-A791-291C2B05631D}.Release|x86.ActiveCfg = Release|Any CPU
		{275598F3-E480-4A9E-A791-291C2B05631D}.Release|x86.Build.0 = Release|Any CPU
	EndGlobalSection
	GlobalSection(SolutionProperties) = preSolution
		HideSolutionNode = FALSE
	EndGlobalSection
EndGlobal
